// !$*UTF8*$!
{
	archiveVersion = 1;
	classes = {
	};
	objectVersion = 55;
	objects = {

/* Begin PBXBuildFile section */
		5700569D29C3AF5E00F21005 /* Support.m in Sources */ = {isa = PBXBuildFile; fileRef = 5700569C29C3AF5E00F21005 /* Support.m */; };
		570D72BD29C8CB150027A2C4 /* Endpoint.m in Sources */ = {isa = PBXBuildFile; fileRef = 570D72BC29C8CB150027A2C4 /* Endpoint.m */; };
		570D72C029C8CEDB0027A2C4 /* PostDecoder.m in Sources */ = {isa = PBXBuildFile; fileRef = 570D72BF29C8CEDB0027A2C4 /* PostDecoder.m */; };
		5734F8B02978AC490085F20B /* NetworkManager.m in Sources */ = {isa = PBXBuildFile; fileRef = 5734F8AF2978AC490085F20B /* NetworkManager.m */; };
		576244C829782BEC00FF0F26 /* User.m in Sources */ = {isa = PBXBuildFile; fileRef = 576244C729782BEC00FF0F26 /* User.m */; };
		576244CD29782D6700FF0F26 /* FeedViewModel.m in Sources */ = {isa = PBXBuildFile; fileRef = 576244CC29782D6700FF0F26 /* FeedViewModel.m */; };
		57B348EC2971E59B00D00B62 /* AppDelegate.m in Sources */ = {isa = PBXBuildFile; fileRef = 57B348EB2971E59B00D00B62 /* AppDelegate.m */; };
		57B348EF2971E59B00D00B62 /* SceneDelegate.m in Sources */ = {isa = PBXBuildFile; fileRef = 57B348EE2971E59B00D00B62 /* SceneDelegate.m */; };
		57B348F72971E59D00D00B62 /* Assets.xcassets in Resources */ = {isa = PBXBuildFile; fileRef = 57B348F62971E59D00D00B62 /* Assets.xcassets */; };
		57B348FA2971E59D00D00B62 /* LaunchScreen.storyboard in Resources */ = {isa = PBXBuildFile; fileRef = 57B348F82971E59D00D00B62 /* LaunchScreen.storyboard */; };
		57B348FD2971E59D00D00B62 /* main.m in Sources */ = {isa = PBXBuildFile; fileRef = 57B348FC2971E59D00D00B62 /* main.m */; };
		57B349072971E62000D00B62 /* FeedViewController.m in Sources */ = {isa = PBXBuildFile; fileRef = 57B349062971E62000D00B62 /* FeedViewController.m */; };
		57B3490B2971E7DC00D00B62 /* FeedViewCell.m in Sources */ = {isa = PBXBuildFile; fileRef = 57B3490A2971E7DC00D00B62 /* FeedViewCell.m */; };
		57B3490F2971F01700D00B62 /* Post.m in Sources */ = {isa = PBXBuildFile; fileRef = 57B3490E2971F01700D00B62 /* Post.m */; };
		57F274252976CE9A00162BBE /* HomeTabController.m in Sources */ = {isa = PBXBuildFile; fileRef = 57F274242976CE9A00162BBE /* HomeTabController.m */; };
		57F2742B2976DE4300162BBE /* Billabong.ttf in Resources */ = {isa = PBXBuildFile; fileRef = 57F2742A2976DE3E00162BBE /* Billabong.ttf */; };
		5D1071D9AE23B5BE6E2A3195 /* Pods_InstaRetro.framework in Frameworks */ = {isa = PBXBuildFile; fileRef = ACFC0E3342C99550D3DD5926 /* Pods_InstaRetro.framework */; };
/* End PBXBuildFile section */

/* Begin PBXFileReference section */
		375AF8189DBCB92C72D25B22 /* Pods-InstaRetro.release.xcconfig */ = {isa = PBXFileReference; includeInIndex = 1; lastKnownFileType = text.xcconfig; name = "Pods-InstaRetro.release.xcconfig"; path = "Target Support Files/Pods-InstaRetro/Pods-InstaRetro.release.xcconfig"; sourceTree = "<group>"; };
		5700569B29C3AF5E00F21005 /* Support.h */ = {isa = PBXFileReference; lastKnownFileType = sourcecode.c.h; path = Support.h; sourceTree = "<group>"; };
		5700569C29C3AF5E00F21005 /* Support.m */ = {isa = PBXFileReference; lastKnownFileType = sourcecode.c.objc; path = Support.m; sourceTree = "<group>"; };
		570D72BB29C8CB150027A2C4 /* Endpoint.h */ = {isa = PBXFileReference; lastKnownFileType = sourcecode.c.h; path = Endpoint.h; sourceTree = "<group>"; };
		570D72BC29C8CB150027A2C4 /* Endpoint.m */ = {isa = PBXFileReference; lastKnownFileType = sourcecode.c.objc; path = Endpoint.m; sourceTree = "<group>"; };
		570D72BE29C8CEDB0027A2C4 /* PostDecoder.h */ = {isa = PBXFileReference; lastKnownFileType = sourcecode.c.h; path = PostDecoder.h; sourceTree = "<group>"; };
		570D72BF29C8CEDB0027A2C4 /* PostDecoder.m */ = {isa = PBXFileReference; lastKnownFileType = sourcecode.c.objc; path = PostDecoder.m; sourceTree = "<group>"; };
		5734F8AE2978AC490085F20B /* NetworkManager.h */ = {isa = PBXFileReference; lastKnownFileType = sourcecode.c.h; path = NetworkManager.h; sourceTree = "<group>"; };
		5734F8AF2978AC490085F20B /* NetworkManager.m */ = {isa = PBXFileReference; lastKnownFileType = sourcecode.c.objc; path = NetworkManager.m; sourceTree = "<group>"; };
		576244C629782BEC00FF0F26 /* User.h */ = {isa = PBXFileReference; lastKnownFileType = sourcecode.c.h; path = User.h; sourceTree = "<group>"; };
		576244C729782BEC00FF0F26 /* User.m */ = {isa = PBXFileReference; lastKnownFileType = sourcecode.c.objc; path = User.m; sourceTree = "<group>"; };
		576244CB29782D6700FF0F26 /* FeedViewModel.h */ = {isa = PBXFileReference; lastKnownFileType = sourcecode.c.h; path = FeedViewModel.h; sourceTree = "<group>"; };
		576244CC29782D6700FF0F26 /* FeedViewModel.m */ = {isa = PBXFileReference; lastKnownFileType = sourcecode.c.objc; path = FeedViewModel.m; sourceTree = "<group>"; };
		57B348E72971E59B00D00B62 /* InstaRetro.app */ = {isa = PBXFileReference; explicitFileType = wrapper.application; includeInIndex = 0; path = InstaRetro.app; sourceTree = BUILT_PRODUCTS_DIR; };
		57B348EA2971E59B00D00B62 /* AppDelegate.h */ = {isa = PBXFileReference; lastKnownFileType = sourcecode.c.h; path = AppDelegate.h; sourceTree = "<group>"; };
		57B348EB2971E59B00D00B62 /* AppDelegate.m */ = {isa = PBXFileReference; lastKnownFileType = sourcecode.c.objc; path = AppDelegate.m; sourceTree = "<group>"; };
		57B348ED2971E59B00D00B62 /* SceneDelegate.h */ = {isa = PBXFileReference; lastKnownFileType = sourcecode.c.h; path = SceneDelegate.h; sourceTree = "<group>"; };
		57B348EE2971E59B00D00B62 /* SceneDelegate.m */ = {isa = PBXFileReference; lastKnownFileType = sourcecode.c.objc; path = SceneDelegate.m; sourceTree = "<group>"; };
		57B348F62971E59D00D00B62 /* Assets.xcassets */ = {isa = PBXFileReference; lastKnownFileType = folder.assetcatalog; path = Assets.xcassets; sourceTree = "<group>"; };
		57B348F92971E59D00D00B62 /* Base */ = {isa = PBXFileReference; lastKnownFileType = file.storyboard; name = Base; path = Base.lproj/LaunchScreen.storyboard; sourceTree = "<group>"; };
		57B348FB2971E59D00D00B62 /* Info.plist */ = {isa = PBXFileReference; lastKnownFileType = text.plist.xml; path = Info.plist; sourceTree = "<group>"; };
		57B348FC2971E59D00D00B62 /* main.m */ = {isa = PBXFileReference; lastKnownFileType = sourcecode.c.objc; path = main.m; sourceTree = "<group>"; };
		57B349052971E62000D00B62 /* FeedViewController.h */ = {isa = PBXFileReference; lastKnownFileType = sourcecode.c.h; path = FeedViewController.h; sourceTree = "<group>"; };
		57B349062971E62000D00B62 /* FeedViewController.m */ = {isa = PBXFileReference; lastKnownFileType = sourcecode.c.objc; path = FeedViewController.m; sourceTree = "<group>"; };
		57B349092971E7DC00D00B62 /* FeedViewCell.h */ = {isa = PBXFileReference; lastKnownFileType = sourcecode.c.h; path = FeedViewCell.h; sourceTree = "<group>"; };
		57B3490A2971E7DC00D00B62 /* FeedViewCell.m */ = {isa = PBXFileReference; lastKnownFileType = sourcecode.c.objc; path = FeedViewCell.m; sourceTree = "<group>"; };
		57B3490D2971F01700D00B62 /* Post.h */ = {isa = PBXFileReference; lastKnownFileType = sourcecode.c.h; path = Post.h; sourceTree = "<group>"; };
		57B3490E2971F01700D00B62 /* Post.m */ = {isa = PBXFileReference; lastKnownFileType = sourcecode.c.objc; path = Post.m; sourceTree = "<group>"; };
		57F274232976CE9A00162BBE /* HomeTabController.h */ = {isa = PBXFileReference; lastKnownFileType = sourcecode.c.h; path = HomeTabController.h; sourceTree = "<group>"; };
		57F274242976CE9A00162BBE /* HomeTabController.m */ = {isa = PBXFileReference; lastKnownFileType = sourcecode.c.objc; path = HomeTabController.m; sourceTree = "<group>"; };
		57F2742A2976DE3E00162BBE /* Billabong.ttf */ = {isa = PBXFileReference; lastKnownFileType = file; path = Billabong.ttf; sourceTree = "<group>"; };
		60BC6F9CFA6390A6B2DAC5B3 /* Pods-InstaRetro.debug.xcconfig */ = {isa = PBXFileReference; includeInIndex = 1; lastKnownFileType = text.xcconfig; name = "Pods-InstaRetro.debug.xcconfig"; path = "Target Support Files/Pods-InstaRetro/Pods-InstaRetro.debug.xcconfig"; sourceTree = "<group>"; };
		ACFC0E3342C99550D3DD5926 /* Pods_InstaRetro.framework */ = {isa = PBXFileReference; explicitFileType = wrapper.framework; includeInIndex = 0; path = Pods_InstaRetro.framework; sourceTree = BUILT_PRODUCTS_DIR; };
/* End PBXFileReference section */

/* Begin PBXFrameworksBuildPhase section */
		57B348E42971E59B00D00B62 /* Frameworks */ = {
			isa = PBXFrameworksBuildPhase;
			buildActionMask = 2147483647;
			files = (
				5D1071D9AE23B5BE6E2A3195 /* Pods_InstaRetro.framework in Frameworks */,
			);
			runOnlyForDeploymentPostprocessing = 0;
		};
/* End PBXFrameworksBuildPhase section */

/* Begin PBXGroup section */
		5700569A29C3AED400F21005 /* Helpers */ = {
			isa = PBXGroup;
			children = (
				5700569B29C3AF5E00F21005 /* Support.h */,
				5700569C29C3AF5E00F21005 /* Support.m */,
			);
			path = Helpers;
			sourceTree = "<group>";
		};
		570D72B729C8CA6A0027A2C4 /* Endpoint */ = {
			isa = PBXGroup;
			children = (
				570D72BB29C8CB150027A2C4 /* Endpoint.h */,
				570D72BC29C8CB150027A2C4 /* Endpoint.m */,
			);
			path = Endpoint;
			sourceTree = "<group>";
		};
		5734F8AD2978AC070085F20B /* NetworkManager */ = {
			isa = PBXGroup;
			children = (
				5734F8AE2978AC490085F20B /* NetworkManager.h */,
				5734F8AF2978AC490085F20B /* NetworkManager.m */,
				570D72BE29C8CEDB0027A2C4 /* PostDecoder.h */,
				570D72BF29C8CEDB0027A2C4 /* PostDecoder.m */,
			);
			path = NetworkManager;
			sourceTree = "<group>";
		};
		576244C929782D0100FF0F26 /* ViewModel */ = {
			isa = PBXGroup;
			children = (
				576244CB29782D6700FF0F26 /* FeedViewModel.h */,
				576244CC29782D6700FF0F26 /* FeedViewModel.m */,
			);
			path = ViewModel;
			sourceTree = "<group>";
		};
		57B348DE2971E59B00D00B62 = {
			isa = PBXGroup;
			children = (
				57B348E92971E59B00D00B62 /* InstaRetro */,
				57B348E82971E59B00D00B62 /* Products */,
				C99C38E1C9EBC0DE08F59F45 /* Pods */,
				79AB7CF4DF43D01CE6C42DE6 /* Frameworks */,
			);
			sourceTree = "<group>";
		};
		57B348E82971E59B00D00B62 /* Products */ = {
			isa = PBXGroup;
			children = (
				57B348E72971E59B00D00B62 /* InstaRetro.app */,
			);
			name = Products;
			sourceTree = "<group>";
		};
		57B348E92971E59B00D00B62 /* InstaRetro */ = {
			isa = PBXGroup;
			children = (
				57F274292976DE2B00162BBE /* Fonts */,
				57B3490C2971F00800D00B62 /* Model */,
				5700569A29C3AED400F21005 /* Helpers */,
				57B349032971E5E900D00B62 /* Views */,
				576244C929782D0100FF0F26 /* ViewModel */,
				570D72B729C8CA6A0027A2C4 /* Endpoint */,
				5734F8AD2978AC070085F20B /* NetworkManager */,
				57B348EA2971E59B00D00B62 /* AppDelegate.h */,
				57B348EB2971E59B00D00B62 /* AppDelegate.m */,
				57B348ED2971E59B00D00B62 /* SceneDelegate.h */,
				57B348EE2971E59B00D00B62 /* SceneDelegate.m */,
				57B348F62971E59D00D00B62 /* Assets.xcassets */,
				57B348F82971E59D00D00B62 /* LaunchScreen.storyboard */,
				57B348FB2971E59D00D00B62 /* Info.plist */,
				57B348FC2971E59D00D00B62 /* main.m */,
			);
			path = InstaRetro;
			sourceTree = "<group>";
		};
		57B349032971E5E900D00B62 /* Views */ = {
			isa = PBXGroup;
			children = (
				57F274222976CE1500162BBE /* Home */,
				57B349042971E60500D00B62 /* Feed */,
			);
			path = Views;
			sourceTree = "<group>";
		};
		57B349042971E60500D00B62 /* Feed */ = {
			isa = PBXGroup;
			children = (
				57B349082971E7AE00D00B62 /* Components */,
				57B349052971E62000D00B62 /* FeedViewController.h */,
				57B349062971E62000D00B62 /* FeedViewController.m */,
			);
			path = Feed;
			sourceTree = "<group>";
		};
		57B349082971E7AE00D00B62 /* Components */ = {
			isa = PBXGroup;
			children = (
				57B349092971E7DC00D00B62 /* FeedViewCell.h */,
				57B3490A2971E7DC00D00B62 /* FeedViewCell.m */,
			);
			path = Components;
			sourceTree = "<group>";
		};
		57B3490C2971F00800D00B62 /* Model */ = {
			isa = PBXGroup;
			children = (
				57B3490D2971F01700D00B62 /* Post.h */,
				57B3490E2971F01700D00B62 /* Post.m */,
				576244C629782BEC00FF0F26 /* User.h */,
				576244C729782BEC00FF0F26 /* User.m */,
			);
			path = Model;
			sourceTree = "<group>";
		};
		57F274222976CE1500162BBE /* Home */ = {
			isa = PBXGroup;
			children = (
				57F274232976CE9A00162BBE /* HomeTabController.h */,
				57F274242976CE9A00162BBE /* HomeTabController.m */,
			);
			path = Home;
			sourceTree = "<group>";
		};
		57F274292976DE2B00162BBE /* Fonts */ = {
			isa = PBXGroup;
			children = (
				57F2742A2976DE3E00162BBE /* Billabong.ttf */,
			);
			path = Fonts;
			sourceTree = "<group>";
		};
		79AB7CF4DF43D01CE6C42DE6 /* Frameworks */ = {
			isa = PBXGroup;
			children = (
				ACFC0E3342C99550D3DD5926 /* Pods_InstaRetro.framework */,
			);
			name = Frameworks;
			sourceTree = "<group>";
		};
		C99C38E1C9EBC0DE08F59F45 /* Pods */ = {
			isa = PBXGroup;
			children = (
				60BC6F9CFA6390A6B2DAC5B3 /* Pods-InstaRetro.debug.xcconfig */,
				375AF8189DBCB92C72D25B22 /* Pods-InstaRetro.release.xcconfig */,
			);
			path = Pods;
			sourceTree = "<group>";
		};
/* End PBXGroup section */

/* Begin PBXNativeTarget section */
		57B348E62971E59B00D00B62 /* InstaRetro */ = {
			isa = PBXNativeTarget;
			buildConfigurationList = 57B349002971E59D00D00B62 /* Build configuration list for PBXNativeTarget "InstaRetro" */;
			buildPhases = (
				10C0F69929EDE8C4A3ED6776 /* [CP] Check Pods Manifest.lock */,
				57B348E32971E59B00D00B62 /* Sources */,
				57B348E42971E59B00D00B62 /* Frameworks */,
				57B348E52971E59B00D00B62 /* Resources */,
				6CC8D4DA534DF3D1757715F7 /* [CP] Embed Pods Frameworks */,
			);
			buildRules = (
			);
			dependencies = (
			);
			name = InstaRetro;
			productName = InstaRetro;
			productReference = 57B348E72971E59B00D00B62 /* InstaRetro.app */;
			productType = "com.apple.product-type.application";
		};
/* End PBXNativeTarget section */

/* Begin PBXProject section */
		57B348DF2971E59B00D00B62 /* Project object */ = {
			isa = PBXProject;
			attributes = {
				BuildIndependentTargetsInParallel = 1;
				LastUpgradeCheck = 1320;
				TargetAttributes = {
					57B348E62971E59B00D00B62 = {
						CreatedOnToolsVersion = 13.2.1;
					};
				};
			};
			buildConfigurationList = 57B348E22971E59B00D00B62 /* Build configuration list for PBXProject "InstaRetro" */;
			compatibilityVersion = "Xcode 13.0";
			developmentRegion = en;
			hasScannedForEncodings = 0;
			knownRegions = (
				en,
				Base,
			);
			mainGroup = 57B348DE2971E59B00D00B62;
			productRefGroup = 57B348E82971E59B00D00B62 /* Products */;
			projectDirPath = "";
			projectRoot = "";
			targets = (
				57B348E62971E59B00D00B62 /* InstaRetro */,
			);
		};
/* End PBXProject section */

/* Begin PBXResourcesBuildPhase section */
		57B348E52971E59B00D00B62 /* Resources */ = {
			isa = PBXResourcesBuildPhase;
			buildActionMask = 2147483647;
			files = (
				57F2742B2976DE4300162BBE /* Billabong.ttf in Resources */,
				57B348FA2971E59D00D00B62 /* LaunchScreen.storyboard in Resources */,
				57B348F72971E59D00D00B62 /* Assets.xcassets in Resources */,
			);
			runOnlyForDeploymentPostprocessing = 0;
		};
/* End PBXResourcesBuildPhase section */

/* Begin PBXShellScriptBuildPhase section */
		10C0F69929EDE8C4A3ED6776 /* [CP] Check Pods Manifest.lock */ = {
			isa = PBXShellScriptBuildPhase;
			buildActionMask = 2147483647;
			files = (
			);
			inputFileListPaths = (
			);
			inputPaths = (
				"${PODS_PODFILE_DIR_PATH}/Podfile.lock",
				"${PODS_ROOT}/Manifest.lock",
			);
			name = "[CP] Check Pods Manifest.lock";
			outputFileListPaths = (
			);
			outputPaths = (
				"$(DERIVED_FILE_DIR)/Pods-InstaRetro-checkManifestLockResult.txt",
			);
			runOnlyForDeploymentPostprocessing = 0;
			shellPath = /bin/sh;
			shellScript = "diff \"${PODS_PODFILE_DIR_PATH}/Podfile.lock\" \"${PODS_ROOT}/Manifest.lock\" > /dev/null\nif [ $? != 0 ] ; then\n    # print error to STDERR\n    echo \"error: The sandbox is not in sync with the Podfile.lock. Run 'pod install' or update your CocoaPods installation.\" >&2\n    exit 1\nfi\n# This output is used by Xcode 'outputs' to avoid re-running this script phase.\necho \"SUCCESS\" > \"${SCRIPT_OUTPUT_FILE_0}\"\n";
			showEnvVarsInLog = 0;
		};
		6CC8D4DA534DF3D1757715F7 /* [CP] Embed Pods Frameworks */ = {
			isa = PBXShellScriptBuildPhase;
			buildActionMask = 2147483647;
			files = (
			);
			inputFileListPaths = (
				"${PODS_ROOT}/Target Support Files/Pods-InstaRetro/Pods-InstaRetro-frameworks-${CONFIGURATION}-input-files.xcfilelist",
			);
			name = "[CP] Embed Pods Frameworks";
			outputFileListPaths = (
				"${PODS_ROOT}/Target Support Files/Pods-InstaRetro/Pods-InstaRetro-frameworks-${CONFIGURATION}-output-files.xcfilelist",
			);
			runOnlyForDeploymentPostprocessing = 0;
			shellPath = /bin/sh;
			shellScript = "\"${PODS_ROOT}/Target Support Files/Pods-InstaRetro/Pods-InstaRetro-frameworks.sh\"\n";
			showEnvVarsInLog = 0;
		};
/* End PBXShellScriptBuildPhase section */

/* Begin PBXSourcesBuildPhase section */
		57B348E32971E59B00D00B62 /* Sources */ = {
			isa = PBXSourcesBuildPhase;
			buildActionMask = 2147483647;
			files = (
				57B3490B2971E7DC00D00B62 /* FeedViewCell.m in Sources */,
				576244C829782BEC00FF0F26 /* User.m in Sources */,
				5700569D29C3AF5E00F21005 /* Support.m in Sources */,
				570D72C029C8CEDB0027A2C4 /* PostDecoder.m in Sources */,
				57F274252976CE9A00162BBE /* HomeTabController.m in Sources */,
				57B349072971E62000D00B62 /* FeedViewController.m in Sources */,
				57B348EC2971E59B00D00B62 /* AppDelegate.m in Sources */,
				570D72BD29C8CB150027A2C4 /* Endpoint.m in Sources */,
				576244CD29782D6700FF0F26 /* FeedViewModel.m in Sources */,
				57B348FD2971E59D00D00B62 /* main.m in Sources */,
				57B348EF2971E59B00D00B62 /* SceneDelegate.m in Sources */,
				5734F8B02978AC490085F20B /* NetworkManager.m in Sources */,
				57B3490F2971F01700D00B62 /* Post.m in Sources */,
			);
			runOnlyForDeploymentPostprocessing = 0;
		};
/* End PBXSourcesBuildPhase section */

/* Begin PBXVariantGroup section */
		57B348F82971E59D00D00B62 /* LaunchScreen.storyboard */ = {
			isa = PBXVariantGroup;
			children = (
				57B348F92971E59D00D00B62 /* Base */,
			);
			name = LaunchScreen.storyboard;
			sourceTree = "<group>";
		};
/* End PBXVariantGroup section */

/* Begin XCBuildConfiguration section */
		57B348FE2971E59D00D00B62 /* Debug */ = {
			isa = XCBuildConfiguration;
			buildSettings = {
				ALWAYS_SEARCH_USER_PATHS = NO;
				CLANG_ANALYZER_NONNULL = YES;
				CLANG_ANALYZER_NUMBER_OBJECT_CONVERSION = YES_AGGRESSIVE;
				CLANG_CXX_LANGUAGE_STANDARD = "gnu++17";
				CLANG_CXX_LIBRARY = "libc++";
				CLANG_ENABLE_MODULES = YES;
				CLANG_ENABLE_OBJC_ARC = YES;
				CLANG_ENABLE_OBJC_WEAK = YES;
				CLANG_WARN_BLOCK_CAPTURE_AUTORELEASING = YES;
				CLANG_WARN_BOOL_CONVERSION = YES;
				CLANG_WARN_COMMA = YES;
				CLANG_WARN_CONSTANT_CONVERSION = YES;
				CLANG_WARN_DEPRECATED_OBJC_IMPLEMENTATIONS = YES;
				CLANG_WARN_DIRECT_OBJC_ISA_USAGE = YES_ERROR;
				CLANG_WARN_DOCUMENTATION_COMMENTS = YES;
				CLANG_WARN_EMPTY_BODY = YES;
				CLANG_WARN_ENUM_CONVERSION = YES;
				CLANG_WARN_INFINITE_RECURSION = YES;
				CLANG_WARN_INT_CONVERSION = YES;
				CLANG_WARN_NON_LITERAL_NULL_CONVERSION = YES;
				CLANG_WARN_OBJC_IMPLICIT_RETAIN_SELF = YES;
				CLANG_WARN_OBJC_LITERAL_CONVERSION = YES;
				CLANG_WARN_OBJC_ROOT_CLASS = YES_ERROR;
				CLANG_WARN_QUOTED_INCLUDE_IN_FRAMEWORK_HEADER = YES;
				CLANG_WARN_RANGE_LOOP_ANALYSIS = YES;
				CLANG_WARN_STRICT_PROTOTYPES = YES;
				CLANG_WARN_SUSPICIOUS_MOVE = YES;
				CLANG_WARN_UNGUARDED_AVAILABILITY = YES_AGGRESSIVE;
				CLANG_WARN_UNREACHABLE_CODE = YES;
				CLANG_WARN__DUPLICATE_METHOD_MATCH = YES;
				COPY_PHASE_STRIP = NO;
				DEBUG_INFORMATION_FORMAT = dwarf;
				ENABLE_STRICT_OBJC_MSGSEND = YES;
				ENABLE_TESTABILITY = YES;
				GCC_C_LANGUAGE_STANDARD = gnu11;
				GCC_DYNAMIC_NO_PIC = NO;
				GCC_NO_COMMON_BLOCKS = YES;
				GCC_OPTIMIZATION_LEVEL = 0;
				GCC_PREPROCESSOR_DEFINITIONS = (
					"DEBUG=1",
					"$(inherited)",
				);
				GCC_WARN_64_TO_32_BIT_CONVERSION = YES;
				GCC_WARN_ABOUT_RETURN_TYPE = YES_ERROR;
				GCC_WARN_UNDECLARED_SELECTOR = YES;
				GCC_WARN_UNINITIALIZED_AUTOS = YES_AGGRESSIVE;
				GCC_WARN_UNUSED_FUNCTION = YES;
				GCC_WARN_UNUSED_VARIABLE = YES;
				IPHONEOS_DEPLOYMENT_TARGET = 15.0;
				MTL_ENABLE_DEBUG_INFO = INCLUDE_SOURCE;
				MTL_FAST_MATH = YES;
				ONLY_ACTIVE_ARCH = YES;
				SDKROOT = iphoneos;
			};
			name = Debug;
		};
		57B348FF2971E59D00D00B62 /* Release */ = {
			isa = XCBuildConfiguration;
			buildSettings = {
				ALWAYS_SEARCH_USER_PATHS = NO;
				CLANG_ANALYZER_NONNULL = YES;
				CLANG_ANALYZER_NUMBER_OBJECT_CONVERSION = YES_AGGRESSIVE;
				CLANG_CXX_LANGUAGE_STANDARD = "gnu++17";
				CLANG_CXX_LIBRARY = "libc++";
				CLANG_ENABLE_MODULES = YES;
				CLANG_ENABLE_OBJC_ARC = YES;
				CLANG_ENABLE_OBJC_WEAK = YES;
				CLANG_WARN_BLOCK_CAPTURE_AUTORELEASING = YES;
				CLANG_WARN_BOOL_CONVERSION = YES;
				CLANG_WARN_COMMA = YES;
				CLANG_WARN_CONSTANT_CONVERSION = YES;
				CLANG_WARN_DEPRECATED_OBJC_IMPLEMENTATIONS = YES;
				CLANG_WARN_DIRECT_OBJC_ISA_USAGE = YES_ERROR;
				CLANG_WARN_DOCUMENTATION_COMMENTS = YES;
				CLANG_WARN_EMPTY_BODY = YES;
				CLANG_WARN_ENUM_CONVERSION = YES;
				CLANG_WARN_INFINITE_RECURSION = YES;
				CLANG_WARN_INT_CONVERSION = YES;
				CLANG_WARN_NON_LITERAL_NULL_CONVERSION = YES;
				CLANG_WARN_OBJC_IMPLICIT_RETAIN_SELF = YES;
				CLANG_WARN_OBJC_LITERAL_CONVERSION = YES;
				CLANG_WARN_OBJC_ROOT_CLASS = YES_ERROR;
				CLANG_WARN_QUOTED_INCLUDE_IN_FRAMEWORK_HEADER = YES;
				CLANG_WARN_RANGE_LOOP_ANALYSIS = YES;
				CLANG_WARN_STRICT_PROTOTYPES = YES;
				CLANG_WARN_SUSPICIOUS_MOVE = YES;
				CLANG_WARN_UNGUARDED_AVAILABILITY = YES_AGGRESSIVE;
				CLANG_WARN_UNREACHABLE_CODE = YES;
				CLANG_WARN__DUPLICATE_METHOD_MATCH = YES;
				COPY_PHASE_STRIP = NO;
				DEBUG_INFORMATION_FORMAT = "dwarf-with-dsym";
				ENABLE_NS_ASSERTIONS = NO;
				ENABLE_STRICT_OBJC_MSGSEND = YES;
				GCC_C_LANGUAGE_STANDARD = gnu11;
				GCC_NO_COMMON_BLOCKS = YES;
				GCC_WARN_64_TO_32_BIT_CONVERSION = YES;
				GCC_WARN_ABOUT_RETURN_TYPE = YES_ERROR;
				GCC_WARN_UNDECLARED_SELECTOR = YES;
				GCC_WARN_UNINITIALIZED_AUTOS = YES_AGGRESSIVE;
				GCC_WARN_UNUSED_FUNCTION = YES;
				GCC_WARN_UNUSED_VARIABLE = YES;
				IPHONEOS_DEPLOYMENT_TARGET = 15.0;
				MTL_ENABLE_DEBUG_INFO = NO;
				MTL_FAST_MATH = YES;
				SDKROOT = iphoneos;
				VALIDATE_PRODUCT = YES;
			};
			name = Release;
		};
		57B349012971E59D00D00B62 /* Debug */ = {
			isa = XCBuildConfiguration;
			baseConfigurationReference = 60BC6F9CFA6390A6B2DAC5B3 /* Pods-InstaRetro.debug.xcconfig */;
			buildSettings = {
				ASSETCATALOG_COMPILER_APPICON_NAME = AppIcon;
				ASSETCATALOG_COMPILER_GLOBAL_ACCENT_COLOR_NAME = AccentColor;
				CODE_SIGN_STYLE = Automatic;
				CURRENT_PROJECT_VERSION = 1;
				DEVELOPMENT_TEAM = BQD43L5A49;
				GENERATE_INFOPLIST_FILE = YES;
				INFOPLIST_FILE = InstaRetro/Info.plist;
				INFOPLIST_KEY_UIApplicationSupportsIndirectInputEvents = YES;
				INFOPLIST_KEY_UILaunchStoryboardName = LaunchScreen;
				INFOPLIST_KEY_UISupportedInterfaceOrientations_iPad = "UIInterfaceOrientationPortrait UIInterfaceOrientationPortraitUpsideDown UIInterfaceOrientationLandscapeLeft UIInterfaceOrientationLandscapeRight";
				INFOPLIST_KEY_UISupportedInterfaceOrientations_iPhone = "UIInterfaceOrientationPortrait UIInterfaceOrientationLandscapeLeft UIInterfaceOrientationLandscapeRight";
				IPHONEOS_DEPLOYMENT_TARGET = 15.0;
				LD_RUNPATH_SEARCH_PATHS = (
					"$(inherited)",
					"@executable_path/Frameworks",
				);
				MARKETING_VERSION = 1.0;
				PRODUCT_BUNDLE_IDENTIFIER = me.dreams.InstaRetro;
				PRODUCT_NAME = "$(TARGET_NAME)";
				SWIFT_EMIT_LOC_STRINGS = YES;
				TARGETED_DEVICE_FAMILY = "1,2";
			};
			name = Debug;
		};
		57B349022971E59D00D00B62 /* Release */ = {
			isa = XCBuildConfiguration;
			baseConfigurationReference = 375AF8189DBCB92C72D25B22 /* Pods-InstaRetro.release.xcconfig */;
			buildSettings = {
				ASSETCATALOG_COMPILER_APPICON_NAME = AppIcon;
				ASSETCATALOG_COMPILER_GLOBAL_ACCENT_COLOR_NAME = AccentColor;
				CODE_SIGN_STYLE = Automatic;
				CURRENT_PROJECT_VERSION = 1;
				DEVELOPMENT_TEAM = BQD43L5A49;
				GENERATE_INFOPLIST_FILE = YES;
				INFOPLIST_FILE = InstaRetro/Info.plist;
				INFOPLIST_KEY_UIApplicationSupportsIndirectInputEvents = YES;
				INFOPLIST_KEY_UILaunchStoryboardName = LaunchScreen;
				INFOPLIST_KEY_UISupportedInterfaceOrientations_iPad = "UIInterfaceOrientationPortrait UIInterfaceOrientationPortraitUpsideDown UIInterfaceOrientationLandscapeLeft UIInterfaceOrientationLandscapeRight";
				INFOPLIST_KEY_UISupportedInterfaceOrientations_iPhone = "UIInterfaceOrientationPortrait UIInterfaceOrientationLandscapeLeft UIInterfaceOrientationLandscapeRight";
				IPHONEOS_DEPLOYMENT_TARGET = 15.0;
				LD_RUNPATH_SEARCH_PATHS = (
					"$(inherited)",
					"@executable_path/Frameworks",
				);
				MARKETING_VERSION = 1.0;
				PRODUCT_BUNDLE_IDENTIFIER = me.dreams.InstaRetro;
				PRODUCT_NAME = "$(TARGET_NAME)";
				SWIFT_EMIT_LOC_STRINGS = YES;
				TARGETED_DEVICE_FAMILY = "1,2";
			};
			name = Release;
		};
/* End XCBuildConfiguration section */

/* Begin XCConfigurationList section */
		57B348E22971E59B00D00B62 /* Build configuration list for PBXProject "InstaRetro" */ = {
			isa = XCConfigurationList;
			buildConfigurations = (
				57B348FE2971E59D00D00B62 /* Debug */,
				57B348FF2971E59D00D00B62 /* Release */,
			);
			defaultConfigurationIsVisible = 0;
			defaultConfigurationName = Release;
		};
		57B349002971E59D00D00B62 /* Build configuration list for PBXNativeTarget "InstaRetro" */ = {
			isa = XCConfigurationList;
			buildConfigurations = (
				57B349012971E59D00D00B62 /* Debug */,
				57B349022971E59D00D00B62 /* Release */,
			);
			defaultConfigurationIsVisible = 0;
			defaultConfigurationName = Release;
		};
/* End XCConfigurationList section */
	};
	rootObject = 57B348DF2971E59B00D00B62 /* Project object */;
}
